# THIS IS AN AUTOGENERATED FILE. DO NOT EDIT THIS FILE DIRECTLY.
# yarn lockfile v1


"@algolia/cache-browser-local-storage@4.8.4":
  version "4.8.4"
  resolved "https://registry.yarnpkg.com/@algolia/cache-browser-local-storage/-/cache-browser-local-storage-4.8.4.tgz#6a03ffc6b0b5b5aa7f74732bf8091a0f3d2b0986"
  integrity sha512-qSS3VMP3oMhcLrYIFveRyt3F5XB6MqWogF4Vooj8KvOvqv6jBmYwkAueSXCF5pkJEaA72VL9+9NbBpfC8ez2ww==
  dependencies:
    "@algolia/cache-common" "4.8.4"

"@algolia/cache-common@4.8.4":
  version "4.8.4"
  resolved "https://registry.yarnpkg.com/@algolia/cache-common/-/cache-common-4.8.4.tgz#b105bdfe3fa0ba15db936177c4db420befed2ab7"
  integrity sha512-5+dLmj6qFy4WOtnNQuFRfWTIIDdpUigv+dXaKMFplNPBvZHGFy3hcRjWqYzGcqaeLqcXbN8cU5r75mvrlJIxcw==

"@algolia/cache-in-memory@4.8.4":
  version "4.8.4"
  resolved "https://registry.yarnpkg.com/@algolia/cache-in-memory/-/cache-in-memory-4.8.4.tgz#e978935dd8c4bbd555820e9b9fc863a24f3d38dd"
  integrity sha512-PBN4YKxn/L+HjVKqUE5rtLiFKqzm4qnUoF7QvCFFmFAViCdYwZSMFVmDobstqWY3KULfsEqaeD4eU4jxZbKhEA==
  dependencies:
    "@algolia/cache-common" "4.8.4"

"@algolia/client-account@4.8.4":
  version "4.8.4"
  resolved "https://registry.yarnpkg.com/@algolia/client-account/-/client-account-4.8.4.tgz#a0af429e3587b33a988fec98ce0c739fd16143aa"
  integrity sha512-mrsOnGV4O2b+t1CumUH72+Psw9d9qwngBEp2le7IMSceJQywQvNCyJ4B4qyoozHsIGapXfcVAOhRxqUsNQ6U6g==
  dependencies:
    "@algolia/client-common" "4.8.4"
    "@algolia/client-search" "4.8.4"
    "@algolia/transporter" "4.8.4"

"@algolia/client-analytics@4.8.4":
  version "4.8.4"
  resolved "https://registry.yarnpkg.com/@algolia/client-analytics/-/client-analytics-4.8.4.tgz#77c81b699909b50ecd9bf97997f014cfeb358fc3"
  integrity sha512-Xy70njSUgG/QTv5+rPjsTIzBF/bjxseS5h9SawrQGzovTosbJbu9JBlg4YwVJnYvjovzpr7S39+gPIPc8M7+Rg==
  dependencies:
    "@algolia/client-common" "4.8.4"
    "@algolia/client-search" "4.8.4"
    "@algolia/requester-common" "4.8.4"
    "@algolia/transporter" "4.8.4"

"@algolia/client-common@4.8.4":
  version "4.8.4"
  resolved "https://registry.yarnpkg.com/@algolia/client-common/-/client-common-4.8.4.tgz#a1b35645253c7f96925bfe91bac486e755329b77"
  integrity sha512-sQlRa+KWFn+D8AOEZb4kj6RE/i6DnPwVOF4AnNf9IjNB0mUUhLWw96cQN6GDx0KE4lhW67t+qR39ZuuDBgR9ww==
  dependencies:
    "@algolia/requester-common" "4.8.4"
    "@algolia/transporter" "4.8.4"

"@algolia/client-recommendation@4.8.4":
  version "4.8.4"
  resolved "https://registry.yarnpkg.com/@algolia/client-recommendation/-/client-recommendation-4.8.4.tgz#1aaa9735e96865ff06321a8bc850829445c945d1"
  integrity sha512-CE0CVqLGWotVOaUXyU33FVD9FZ/7rqcbwFPH5MgSjVdE0B1YWVedhR0s2BNKodXLcIGVLVYfXR05CLdvOlTw+A==
  dependencies:
    "@algolia/client-common" "4.8.4"
    "@algolia/requester-common" "4.8.4"
    "@algolia/transporter" "4.8.4"

"@algolia/client-search@4.8.4":
  version "4.8.4"
  resolved "https://registry.yarnpkg.com/@algolia/client-search/-/client-search-4.8.4.tgz#0320c4a109d2cc220a9d1002f9ec64655a4494dc"
  integrity sha512-eH2tRPnDU3tqpp0BSqP6coRRQe8fceqsupuf/1ho+Mcs5DM13mEuFmNOyPywHRlYLVPmbbCPRhDr5rB8QoN7XQ==
  dependencies:
    "@algolia/client-common" "4.8.4"
    "@algolia/requester-common" "4.8.4"
    "@algolia/transporter" "4.8.4"

"@algolia/logger-common@4.8.4":
  version "4.8.4"
  resolved "https://registry.yarnpkg.com/@algolia/logger-common/-/logger-common-4.8.4.tgz#42ecab3c92388a0d81b8532cefb47670da46cdd3"
  integrity sha512-6hOaFG75Onmant9adcaeCZgvPYfnif7n0H1ycbixm6/WH3SmxqPMG+CMiW8mTNTRrrAEceQVrq6tDHD8jdnOOw==

"@algolia/logger-console@4.8.4":
  version "4.8.4"
  resolved "https://registry.yarnpkg.com/@algolia/logger-console/-/logger-console-4.8.4.tgz#adfac58df84848443bff1326986a0ca98db866b9"
  integrity sha512-+9T3t/eB9vseANFz9YbFHG0cHjzVP/DVfGqzTAkeSlvMHP69JzJga9Wb0Ai6J3xXE3d4k9K+k6t+kkjCQjzEqg==
  dependencies:
    "@algolia/logger-common" "4.8.4"

"@algolia/requester-browser-xhr@4.8.4":
  version "4.8.4"
  resolved "https://registry.yarnpkg.com/@algolia/requester-browser-xhr/-/requester-browser-xhr-4.8.4.tgz#30c5c9d129fafd863b7c9c7a988c36ec5754b973"
  integrity sha512-BYa8O/pht0UL2bcm0ZkLZiyC+5dHrbc6gvKIo+OgqxmDb/K4KrVo6RIof3BVpR8fgcfxQJohjNVHKXHxEUhBCQ==
  dependencies:
    "@algolia/requester-common" "4.8.4"

"@algolia/requester-common@4.8.4":
  version "4.8.4"
  resolved "https://registry.yarnpkg.com/@algolia/requester-common/-/requester-common-4.8.4.tgz#670f5e43e4d09ff9a3b9bfda7ac0c03476a9e4b1"
  integrity sha512-br3LXb6srfAy7F04axwExmrkPOlXCDckgTFoLFv/RT9Oo28SpoyvHqktyBovQLdzdTs+Laglf+LtOHr0iUrZJg==

"@algolia/requester-node-http@4.8.4":
  version "4.8.4"
  resolved "https://registry.yarnpkg.com/@algolia/requester-node-http/-/requester-node-http-4.8.4.tgz#8af2cceb45e5bb2b9e7ed3b7daa34f3c2580912a"
  integrity sha512-o5Cc4UxYPn3IBHQSDBNFFhq1LQLv40eYvCvK0FPJ8xZkrnNXhjPvaLCu/lQTHpk/HX7DaE6fQ/KboU0OSPKevQ==
  dependencies:
    "@algolia/requester-common" "4.8.4"

"@algolia/transporter@4.8.4":
  version "4.8.4"
  resolved "https://registry.yarnpkg.com/@algolia/transporter/-/transporter-4.8.4.tgz#09452334e380ff0706676303e6642e76b72ae0bf"
  integrity sha512-EvXFYICxrr9QEO6m6awUeNOBstOxePQ2Fy0jtYlS1v9TY2P5HqKRzkxmaZjeYRBsXOImpVjgQIzTzj1Au4br2w==
  dependencies:
    "@algolia/cache-common" "4.8.4"
    "@algolia/logger-common" "4.8.4"
    "@algolia/requester-common" "4.8.4"

"@types/googlemaps@^3.39.6":
  version "3.43.2"
  resolved "https://registry.yarnpkg.com/@types/googlemaps/-/googlemaps-3.43.2.tgz#87db9460337c935de6d78f359d8135b4bda0c1cf"
  integrity sha512-qiu5rms7+bgLciKAXpRsxVB1P+Z6gbSxuO8tZfdyQV2k5e5L/7GjUI6Z69rMR+7YFmqU9vwOUglLQ6NJyP/K8g==

abbrev@1:
  version "1.1.1"
  resolved "https://registry.yarnpkg.com/abbrev/-/abbrev-1.1.1.tgz#f8f2c887ad10bf67f634f005b6987fed3179aac8"
  integrity sha512-nne9/IiQ/hzIhY6pdDnbBtz7DjPTKrY00P/zvPSm5pOFkl6xuGrGnXn/VtTNNfNtAfZ9/1RtehkszU9qcTii0Q==

algoliasearch-helper@^3.3.4:
  version "3.3.4"
  resolved "https://registry.yarnpkg.com/algoliasearch-helper/-/algoliasearch-helper-3.3.4.tgz#4a3c56d42a2a81589d5722b73653b2deaf3e7064"
  integrity sha512-1Ts2XcgGdjGlDrp3v6zbY8VW+X9+jJ5rBmtPBmXOQLd4b5t/LpJlaBdxoAnlMfVFjywP7KSAdmyFUNNYVHDyRQ==
  dependencies:
    events "^1.1.1"

algoliasearch@^4.8.4:
  version "4.8.4"
  resolved "https://registry.yarnpkg.com/algoliasearch/-/algoliasearch-4.8.4.tgz#ac2fc9335dfe06f55b9bd4faf6050ea0c8e0feea"
  integrity sha512-QbXpFvBKj/QhKWE7xBoqaWOWyw7ni6W6THSuFJHOcADRrInhjFCBYjrv+YsIhv9huCepKXWpfV4UJup9BslVhQ==
  dependencies:
    "@algolia/cache-browser-local-storage" "4.8.4"
    "@algolia/cache-common" "4.8.4"
    "@algolia/cache-in-memory" "4.8.4"
    "@algolia/client-account" "4.8.4"
    "@algolia/client-analytics" "4.8.4"
    "@algolia/client-common" "4.8.4"
    "@algolia/client-recommendation" "4.8.4"
    "@algolia/client-search" "4.8.4"
    "@algolia/logger-common" "4.8.4"
    "@algolia/logger-console" "4.8.4"
    "@algolia/requester-browser-xhr" "4.8.4"
    "@algolia/requester-common" "4.8.4"
    "@algolia/requester-node-http" "4.8.4"
    "@algolia/transporter" "4.8.4"

classnames@^2.2.5:
  version "2.2.6"
  resolved "https://registry.yarnpkg.com/classnames/-/classnames-2.2.6.tgz#43935bffdd291f326dad0a205309b38d00f650ce"
  integrity sha512-JR/iSQOSt+LQIWwrwEzJ9uk0xfN3mTVYMwt1Ir5mUcSN6pU+V4zQFFaJsclJbPuAUQH+yfWef6tm7l1quW3C8Q==

events@^1.1.0, events@^1.1.1:
  version "1.1.1"
  resolved "https://registry.yarnpkg.com/events/-/events-1.1.1.tgz#9ebdb7635ad099c70dcc4c2a1f5004288e8bd924"
  integrity sha1-nr23Y1rQmccNzEwqH1AEKI6L2SQ=

hogan.js@^3.0.2:
  version "3.0.2"
  resolved "https://registry.yarnpkg.com/hogan.js/-/hogan.js-3.0.2.tgz#4cd9e1abd4294146e7679e41d7898732b02c7bfd"
  integrity sha1-TNnhq9QpQUbnZ55B14mHMrAse/0=
  dependencies:
    mkdirp "0.3.0"
    nopt "1.0.10"

instantsearch.js@^4.13.1:
  version "4.13.1"
  resolved "https://registry.yarnpkg.com/instantsearch.js/-/instantsearch.js-4.13.1.tgz#3afba8dae31578aa3047d7dd02485bf30bf22818"
  integrity sha512-hM2lpq8YXxaQvvSNem1XX0Jh4XMt8cC7yx5/CKtOpIwmzccakv+7M9SBUMhTC7qwwKu4XpXuBj/Zm8uGbex2+A==
  dependencies:
    "@types/googlemaps" "^3.39.6"
    algoliasearch-helper "^3.3.4"
    classnames "^2.2.5"
    events "^1.1.0"
    hogan.js "^3.0.2"
    preact "^10.0.0"
    prop-types "^15.5.10"
    qs "^6.5.1"

"js-tokens@^3.0.0 || ^4.0.0":
  version "4.0.0"
  resolved "https://registry.yarnpkg.com/js-tokens/-/js-tokens-4.0.0.tgz#19203fb59991df98e3a287050d4647cdeaf32499"
  integrity sha512-RdJUflcE3cUzKiMqQgsCu06FPu9UdIJO0beYbPhHN4k6apgJtifcoCtT9bcxOpYBtpD2kCM6Sbzg4CausW/PKQ==

loose-envify@^1.4.0:
  version "1.4.0"
  resolved "https://registry.yarnpkg.com/loose-envify/-/loose-envify-1.4.0.tgz#71ee51fa7be4caec1a63839f7e682d8132d30caf"
  integrity sha512-lyuxPGr/Wfhrlem2CL/UcnUc1zcqKAImBDzukY7Y5F/yQiNdko6+fRLevlw1HgMySw7f611UIY408EtxRSoK3Q==
  dependencies:
    js-tokens "^3.0.0 || ^4.0.0"

mkdirp@0.3.0:
  version "0.3.0"
  resolved "https://registry.yarnpkg.com/mkdirp/-/mkdirp-0.3.0.tgz#1bbf5ab1ba827af23575143490426455f481fe1e"
  integrity sha1-G79asbqCevI1dRQ0kEJkVfSB/h4=

nopt@1.0.10:
  version "1.0.10"
  resolved "https://registry.yarnpkg.com/nopt/-/nopt-1.0.10.tgz#6ddd21bd2a31417b92727dd585f8a6f37608ebee"
  integrity sha1-bd0hvSoxQXuScn3Vhfim83YI6+4=
  dependencies:
    abbrev "1"

object-assign@^4.1.1:
  version "4.1.1"
  resolved "https://registry.yarnpkg.com/object-assign/-/object-assign-4.1.1.tgz#2109adc7965887cfc05cbbd442cac8bfbb360863"
  integrity sha1-IQmtx5ZYh8/AXLvUQsrIv7s2CGM=

preact@^10.0.0:
  version "10.5.12"
  resolved "https://registry.yarnpkg.com/preact/-/preact-10.5.12.tgz#6a8ee8bf40a695c505df9abebacd924e4dd37704"
  integrity sha512-r6siDkuD36oszwlCkcqDJCAKBQxGoeEGytw2DGMD5A/GGdu5Tymw+N2OBXwvOLxg6d1FeY8MgMV3cc5aVQo4Cg==

prop-types@^15.5.10:
  version "15.7.2"
  resolved "https://registry.yarnpkg.com/prop-types/-/prop-types-15.7.2.tgz#52c41e75b8c87e72b9d9360e0206b99dcbffa6c5"
  integrity sha512-8QQikdH7//R2vurIJSutZ1smHYTcLpRWEOlHnzcWHmBYrOGUysKwSsrC89BCiFj3CbrfJ/nXFdJepOVrY1GCHQ==
  dependencies:
    loose-envify "^1.4.0"
    object-assign "^4.1.1"
    react-is "^16.8.1"

qs@^6.5.1:
  version "6.9.6"
  resolved "https://registry.yarnpkg.com/qs/-/qs-6.9.6.tgz#26ed3c8243a431b2924aca84cc90471f35d5a0ee"
  integrity sha512-TIRk4aqYLNoJUbd+g2lEdz5kLWIuTMRagAXxl78Q0RiVjAOugHmeKNGdd3cwo/ktpf9aL9epCfFqWDEKysUlLQ==

react-is@^16.8.1:
  version "16.13.1"
  resolved "https://registry.yarnpkg.com/react-is/-/react-is-16.13.1.tgz#789729a4dc36de2999dc156dd6c1d9c18cea56a4"
  integrity sha512-24e6ynE2H+OKt4kqsOvNd8kBpV65zoxbA4BVsEOB3ARVWQki/DHzaUoC5KuON/BiccDaCCTZBuOcfZs70kR8bQ==

typescript@^4.1.3:
  version "4.1.3"
  resolved "https://registry.yarnpkg.com/typescript/-/typescript-4.1.3.tgz#519d582bd94cba0cf8934c7d8e8467e473f53bb7"
  integrity sha512-B3ZIOf1IKeH2ixgHhj6la6xdwR9QrLC5d1VKeCSY4tvkqhF2eqd9O7txNlS0PO3GrBAFIdr3L1ndNwteUbZLYg==
